
Microsoft Visual Studio Solution File, Format Version 12.00
# Visual Studio 2012
Project("{F2A71F9B-5D33-465A-A702-920D77279786}") = "BitmapProject", "BitmapProject\BitmapProject.fsproj", "{A7F20B3E-1B0C-4491-9CAA-5C021A48E78B}"
EndProject
Global
	GlobalSection(SolutionConfigurationPlatforms) = preSolution
		Debug|Any CPU = Debug|Any CPU
		Release|Any CPU = Release|Any CPU
	EndGlobalSection
	GlobalSection(ProjectConfigurationPlatforms) = postSolution
		{A7F20B3E-1B0C-4491-9CAA-5C021A48E78B}.Debug|Any CPU.ActiveCfg = Debug|Any CPU
		{A7F20B3E-1B0C-4491-9CAA-5C021A48E78B}.Debug|Any CPU.Build.0 = Debug|Any CPU
		{A7F20B3E-1B0C-4491-9CAA-5C021A48E78B}.Release|Any CPU.ActiveCfg = Release|Any CPU
		{A7F20B3E-1B0C-4491-9CAA-5C021A48E78B}.Release|Any CPU.Build.0 = Release|Any CPU
	EndGlobalSection
	GlobalSection(SolutionProperties) = preSolution
		HideSolutionNode = FALSE
	EndGlobalSection
EndGlobal
